// !$*UTF8*$!
{
	archiveVersion = 1;
	classes = {
	};
	objectVersion = 56;
	objects = {

/* Begin PBXBuildFile section */
		7E33A70D2A44C258008947BF /* GroupsVC.swift in Sources */ = {isa = PBXBuildFile; fileRef = 7E33A70C2A44C258008947BF /* GroupsVC.swift */; };
		7E33A70F2A44C616008947BF /* ModifyGroupVC.swift in Sources */ = {isa = PBXBuildFile; fileRef = 7E33A70E2A44C616008947BF /* ModifyGroupVC.swift */; };
		7E33A7112A44E3A0008947BF /* SocialVC.swift in Sources */ = {isa = PBXBuildFile; fileRef = 7E33A7102A44E3A0008947BF /* SocialVC.swift */; };
		7E53C1432A3C80210046CC5E /* DeeplTranslatorManager.swift in Sources */ = {isa = PBXBuildFile; fileRef = 7E53C1422A3C80210046CC5E /* DeeplTranslatorManager.swift */; };
		7E53C14F2A3C97900046CC5E /* FirebasePerformance in Frameworks */ = {isa = PBXBuildFile; productRef = 7E53C14E2A3C97900046CC5E /* FirebasePerformance */; };
		7E5F99A62A39FCF800476A4D /* SettingsCell.swift in Sources */ = {isa = PBXBuildFile; fileRef = 7E5F99A52A39FCF800476A4D /* SettingsCell.swift */; };
		7E727B9B2A38BAB20025AC80 /* incorrect.mp3 in Resources */ = {isa = PBXBuildFile; fileRef = 7E727B992A38BAB20025AC80 /* incorrect.mp3 */; };
		7E727B9C2A38BAB20025AC80 /* correct.mp3 in Resources */ = {isa = PBXBuildFile; fileRef = 7E727B9A2A38BAB20025AC80 /* correct.mp3 */; };
		7E727B9F2A38BDD20025AC80 /* lose.mp3 in Resources */ = {isa = PBXBuildFile; fileRef = 7E727B9D2A38BDD20025AC80 /* lose.mp3 */; };
		7E727BA02A38BDD20025AC80 /* button.mp3 in Resources */ = {isa = PBXBuildFile; fileRef = 7E727B9E2A38BDD20025AC80 /* button.mp3 */; };
		7E727BA22A38BDF80025AC80 /* win.mp3 in Resources */ = {isa = PBXBuildFile; fileRef = 7E727BA12A38BDF80025AC80 /* win.mp3 */; };
		7E727BA42A38CB850025AC80 /* beep.mp3 in Resources */ = {isa = PBXBuildFile; fileRef = 7E727BA32A38CB850025AC80 /* beep.mp3 */; };
		7E727BA62A38CC810025AC80 /* slide.mp3 in Resources */ = {isa = PBXBuildFile; fileRef = 7E727BA52A38CC810025AC80 /* slide.mp3 */; };
		7E98147A2A3DF61A008F3A4B /* Main.storyboard in Resources */ = {isa = PBXBuildFile; fileRef = 7E98147C2A3DF61A008F3A4B /* Main.storyboard */; };
		7E98148D2A3E8975008F3A4B /* Localizable.strings in Resources */ = {isa = PBXBuildFile; fileRef = 7E98148F2A3E8975008F3A4B /* Localizable.strings */; };
		7ED6FEF42A3772F6001AC0DE /* GoogleService-Info.plist in Resources */ = {isa = PBXBuildFile; fileRef = 7ED6FEF32A3772F6001AC0DE /* GoogleService-Info.plist */; };
		D00BD4422A2BCC530021230E /* AddQuestionVC.swift in Sources */ = {isa = PBXBuildFile; fileRef = D00BD4412A2BCC530021230E /* AddQuestionVC.swift */; };
		D00BD4442A2BCC670021230E /* AddMemberVC.swift in Sources */ = {isa = PBXBuildFile; fileRef = D00BD4432A2BCC670021230E /* AddMemberVC.swift */; };
		D01EDCDC2A182A3400FF3163 /* FirebaseAuth in Frameworks */ = {isa = PBXBuildFile; productRef = D01EDCDB2A182A3400FF3163 /* FirebaseAuth */; };
		D01EDCDE2A182A3400FF3163 /* FirebaseDatabase in Frameworks */ = {isa = PBXBuildFile; productRef = D01EDCDD2A182A3400FF3163 /* FirebaseDatabase */; };
		D01EDCE02A182A3400FF3163 /* FirebaseFirestore in Frameworks */ = {isa = PBXBuildFile; productRef = D01EDCDF2A182A3400FF3163 /* FirebaseFirestore */; };
		D01EDCE22A182A3400FF3163 /* FirebaseFunctions in Frameworks */ = {isa = PBXBuildFile; productRef = D01EDCE12A182A3400FF3163 /* FirebaseFunctions */; };
		D01EDCE42A182A3400FF3163 /* FirebaseMessaging in Frameworks */ = {isa = PBXBuildFile; productRef = D01EDCE32A182A3400FF3163 /* FirebaseMessaging */; };
		D01EDCE62A182A3400FF3163 /* FirebaseStorage in Frameworks */ = {isa = PBXBuildFile; productRef = D01EDCE52A182A3400FF3163 /* FirebaseStorage */; };
		D03083E42A0F8A5100A8FBB7 /* CompetitiveVC.swift in Sources */ = {isa = PBXBuildFile; fileRef = D03083D82A0F8A4F00A8FBB7 /* CompetitiveVC.swift */; };
		D03083E52A0F8A5100A8FBB7 /* ModifyQuizVC.swift in Sources */ = {isa = PBXBuildFile; fileRef = D03083D92A0F8A4F00A8FBB7 /* ModifyQuizVC.swift */; };
		D03083E62A0F8A5100A8FBB7 /* ProfileVC.swift in Sources */ = {isa = PBXBuildFile; fileRef = D03083DA2A0F8A4F00A8FBB7 /* ProfileVC.swift */; };
		D03083E72A0F8A5100A8FBB7 /* GameVC.swift in Sources */ = {isa = PBXBuildFile; fileRef = D03083DB2A0F8A4F00A8FBB7 /* GameVC.swift */; };
		D03083E82A0F8A5100A8FBB7 /* ResultVC.swift in Sources */ = {isa = PBXBuildFile; fileRef = D03083DC2A0F8A5000A8FBB7 /* ResultVC.swift */; };
		D03083E92A0F8A5100A8FBB7 /* SearchOpponentVC.swift in Sources */ = {isa = PBXBuildFile; fileRef = D03083DD2A0F8A5000A8FBB7 /* SearchOpponentVC.swift */; };
		D03083EA2A0F8A5200A8FBB7 /* FriendsVC.swift in Sources */ = {isa = PBXBuildFile; fileRef = D03083DE2A0F8A5000A8FBB7 /* FriendsVC.swift */; };
		D03083EB2A0F8A5200A8FBB7 /* OpponentChoice.swift in Sources */ = {isa = PBXBuildFile; fileRef = D03083DF2A0F8A5000A8FBB7 /* OpponentChoice.swift */; };
		D03083EC2A0F8A5200A8FBB7 /* QuickPlayVC.swift in Sources */ = {isa = PBXBuildFile; fileRef = D03083E02A0F8A5100A8FBB7 /* QuickPlayVC.swift */; };
		D03083ED2A0F8A5200A8FBB7 /* QuizzesVC.swift in Sources */ = {isa = PBXBuildFile; fileRef = D03083E12A0F8A5100A8FBB7 /* QuizzesVC.swift */; };
		D03083EE2A0F8A5200A8FBB7 /* LoginVC.swift in Sources */ = {isa = PBXBuildFile; fileRef = D03083E22A0F8A5100A8FBB7 /* LoginVC.swift */; };
		D03083EF2A0F8A5200A8FBB7 /* CreateAccountVC.swift in Sources */ = {isa = PBXBuildFile; fileRef = D03083E32A0F8A5100A8FBB7 /* CreateAccountVC.swift */; };
		D03083F62A0F8A7900A8FBB7 /* OpenTriviaDatabaseManager.swift in Sources */ = {isa = PBXBuildFile; fileRef = D03083F12A0F8A7800A8FBB7 /* OpenTriviaDatabaseManager.swift */; };
		D03083F72A0F8A7900A8FBB7 /* Game.swift in Sources */ = {isa = PBXBuildFile; fileRef = D03083F22A0F8A7800A8FBB7 /* Game.swift */; };
		D03083F82A0F8A7900A8FBB7 /* AlamofireService.swift in Sources */ = {isa = PBXBuildFile; fileRef = D03083F32A0F8A7900A8FBB7 /* AlamofireService.swift */; };
		D03083F92A0F8A7900A8FBB7 /* FirebaseUser.swift in Sources */ = {isa = PBXBuildFile; fileRef = D03083F42A0F8A7900A8FBB7 /* FirebaseUser.swift */; };
		D03083FA2A0F8A7900A8FBB7 /* Structures.swift in Sources */ = {isa = PBXBuildFile; fileRef = D03083F52A0F8A7900A8FBB7 /* Structures.swift */; };
		D03084022A0F8AB100A8FBB7 /* Settings.swift in Sources */ = {isa = PBXBuildFile; fileRef = D03083FD2A0F8AB000A8FBB7 /* Settings.swift */; };
		D03084072A0F8CDD00A8FBB7 /* CustomButton.swift in Sources */ = {isa = PBXBuildFile; fileRef = D03084062A0F8CDD00A8FBB7 /* CustomButton.swift */; };
		D03084092A0F8CE500A8FBB7 /* CustomButton2.swift in Sources */ = {isa = PBXBuildFile; fileRef = D03084082A0F8CE500A8FBB7 /* CustomButton2.swift */; };
		D030840B2A0F8CEB00A8FBB7 /* CategoryCell.swift in Sources */ = {isa = PBXBuildFile; fileRef = D030840A2A0F8CEB00A8FBB7 /* CategoryCell.swift */; };
		D030840F2A0F8CF500A8FBB7 /* CustomCell.swift in Sources */ = {isa = PBXBuildFile; fileRef = D030840C2A0F8CF400A8FBB7 /* CustomCell.swift */; };
		D03084142A0F8D8200A8FBB7 /* AlamofireStub.swift in Sources */ = {isa = PBXBuildFile; fileRef = D03084122A0F8D8200A8FBB7 /* AlamofireStub.swift */; };
		D03084152A0F8D8200A8FBB7 /* OpenTriviaDatabaseManagerTests.swift in Sources */ = {isa = PBXBuildFile; fileRef = D03084132A0F8D8200A8FBB7 /* OpenTriviaDatabaseManagerTests.swift */; };
		D04A5B922A321B950049F02A /* appMusic.mp3 in Resources */ = {isa = PBXBuildFile; fileRef = D04A5B912A321B950049F02A /* appMusic.mp3 */; };
		D04FCDE72A2EA08A000E688E /* FirebaseAnalytics in Frameworks */ = {isa = PBXBuildFile; productRef = D04FCDE62A2EA08A000E688E /* FirebaseAnalytics */; };
		D04FCDEF2A2EA08A000E688E /* FirebaseAppCheck in Frameworks */ = {isa = PBXBuildFile; productRef = D04FCDEE2A2EA08A000E688E /* FirebaseAppCheck */; };
		D04FCDF32A2EA08A000E688E /* FirebaseAuth in Frameworks */ = {isa = PBXBuildFile; productRef = D04FCDF22A2EA08A000E688E /* FirebaseAuth */; };
		D04FCDF92A2EA08A000E688E /* FirebaseDatabase in Frameworks */ = {isa = PBXBuildFile; productRef = D04FCDF82A2EA08A000E688E /* FirebaseDatabase */; };
		D04FCDFF2A2EA08B000E688E /* FirebaseFirestore in Frameworks */ = {isa = PBXBuildFile; productRef = D04FCDFE2A2EA08B000E688E /* FirebaseFirestore */; };
		D04FCE052A2EA08B000E688E /* FirebaseFunctions in Frameworks */ = {isa = PBXBuildFile; productRef = D04FCE042A2EA08B000E688E /* FirebaseFunctions */; };
		D04FCE0F2A2EA08B000E688E /* FirebaseMessaging in Frameworks */ = {isa = PBXBuildFile; productRef = D04FCE0E2A2EA08B000E688E /* FirebaseMessaging */; };
		D04FCE192A2EA08B000E688E /* FirebaseStorage in Frameworks */ = {isa = PBXBuildFile; productRef = D04FCE182A2EA08B000E688E /* FirebaseStorage */; };
		D04FCE1D2A2EA0CF000E688E /* SDWebImage in Frameworks */ = {isa = PBXBuildFile; productRef = D04FCE1C2A2EA0CF000E688E /* SDWebImage */; };
		D04FCE1F2A2EA112000E688E /* Alamofire in Frameworks */ = {isa = PBXBuildFile; productRef = D04FCE1E2A2EA112000E688E /* Alamofire */; };
		D05B8F412A1DF0360064795D /* InvitePlayersVC.swift in Sources */ = {isa = PBXBuildFile; fileRef = D05B8F402A1DF0360064795D /* InvitePlayersVC.swift */; };
		D05B8F432A1DF0420064795D /* PrivateLobbyVC.swift in Sources */ = {isa = PBXBuildFile; fileRef = D05B8F422A1DF0420064795D /* PrivateLobbyVC.swift */; };
		D05B8F462A1E2B3B0064795D /* InvitesVC.swift in Sources */ = {isa = PBXBuildFile; fileRef = D05B8F452A1E2B3B0064795D /* InvitesVC.swift */; };
		D074D6702A26A2A7004942C4 /* QuestionResultVC.swift in Sources */ = {isa = PBXBuildFile; fileRef = D074D66F2A26A2A7004942C4 /* QuestionResultVC.swift */; };
		D084EC3A2A0F7EF400544AA3 /* AppDelegate.swift in Sources */ = {isa = PBXBuildFile; fileRef = D084EC392A0F7EF400544AA3 /* AppDelegate.swift */; };
		D084EC3C2A0F7EF400544AA3 /* SceneDelegate.swift in Sources */ = {isa = PBXBuildFile; fileRef = D084EC3B2A0F7EF400544AA3 /* SceneDelegate.swift */; };
		D084EC462A0F7EF700544AA3 /* Assets.xcassets in Resources */ = {isa = PBXBuildFile; fileRef = D084EC452A0F7EF700544AA3 /* Assets.xcassets */; };
		D084EC492A0F7EF700544AA3 /* LaunchScreen.storyboard in Resources */ = {isa = PBXBuildFile; fileRef = D084EC472A0F7EF700544AA3 /* LaunchScreen.storyboard */; };
		D084FB142A10309200721B88 /* HistoryVC.swift in Sources */ = {isa = PBXBuildFile; fileRef = D084FB132A10309200721B88 /* HistoryVC.swift */; };
		D08CAE722A23DE0800C835E9 /* JoinWithCodeVC.swift in Sources */ = {isa = PBXBuildFile; fileRef = D08CAE712A23DE0800C835E9 /* JoinWithCodeVC.swift */; };
		D08E0ED92A163FAC00D09FAD /* FakeResponsesData.swift in Sources */ = {isa = PBXBuildFile; fileRef = D08E0ED82A163FAC00D09FAD /* FakeResponsesData.swift */; };
		D0B35CDC2A159B0C007B3431 /* FirebaseService.swift in Sources */ = {isa = PBXBuildFile; fileRef = D0B35CDB2A159B0C007B3431 /* FirebaseService.swift */; };
		D0B35CDE2A159B3D007B3431 /* FirebaseStub.swift in Sources */ = {isa = PBXBuildFile; fileRef = D0B35CDD2A159B3D007B3431 /* FirebaseStub.swift */; };
		D0B35CE02A159C74007B3431 /* GameTests.swift in Sources */ = {isa = PBXBuildFile; fileRef = D0B35CDF2A159C74007B3431 /* GameTests.swift */; };
		D0B582452A33622D00C0D5E2 /* CustomAnimations.swift in Sources */ = {isa = PBXBuildFile; fileRef = D0B582442A33622D00C0D5E2 /* CustomAnimations.swift */; };
		D0B852502A24AFF700A7D9B7 /* FirestoreFields.swift in Sources */ = {isa = PBXBuildFile; fileRef = D0B8524F2A24AFF700A7D9B7 /* FirestoreFields.swift */; };
		D0B852532A2528D500A7D9B7 /* Alamofire in Frameworks */ = {isa = PBXBuildFile; productRef = D0B852522A2528D500A7D9B7 /* Alamofire */; };
		D0C486D02A1ADC2700F68DE5 /* FirebaseUserTests.swift in Sources */ = {isa = PBXBuildFile; fileRef = D0C486CF2A1ADC2700F68DE5 /* FirebaseUserTests.swift */; };
		D0E8C9E32A28E7CD009E8A09 /* SDWebImage in Frameworks */ = {isa = PBXBuildFile; productRef = D0E8C9E22A28E7CD009E8A09 /* SDWebImage */; };
/* End PBXBuildFile section */

/* Begin PBXContainerItemProxy section */
		D084EC502A0F7EF700544AA3 /* PBXContainerItemProxy */ = {
			isa = PBXContainerItemProxy;
			containerPortal = D084EC2E2A0F7EF400544AA3 /* Project object */;
			proxyType = 1;
			remoteGlobalIDString = D084EC352A0F7EF400544AA3;
			remoteInfo = Quiz;
		};
/* End PBXContainerItemProxy section */

/* Begin PBXFileReference section */
		7E33A70C2A44C258008947BF /* GroupsVC.swift */ = {isa = PBXFileReference; lastKnownFileType = sourcecode.swift; path = GroupsVC.swift; sourceTree = "<group>"; };
		7E33A70E2A44C616008947BF /* ModifyGroupVC.swift */ = {isa = PBXFileReference; lastKnownFileType = sourcecode.swift; path = ModifyGroupVC.swift; sourceTree = "<group>"; };
		7E33A7102A44E3A0008947BF /* SocialVC.swift */ = {isa = PBXFileReference; lastKnownFileType = sourcecode.swift; path = SocialVC.swift; sourceTree = "<group>"; };
		7E53C1422A3C80210046CC5E /* DeeplTranslatorManager.swift */ = {isa = PBXFileReference; lastKnownFileType = sourcecode.swift; path = DeeplTranslatorManager.swift; sourceTree = "<group>"; };
		7E5F99A52A39FCF800476A4D /* SettingsCell.swift */ = {isa = PBXFileReference; lastKnownFileType = sourcecode.swift; path = SettingsCell.swift; sourceTree = "<group>"; };
		7E727B992A38BAB20025AC80 /* incorrect.mp3 */ = {isa = PBXFileReference; lastKnownFileType = audio.mp3; path = incorrect.mp3; sourceTree = "<group>"; };
		7E727B9A2A38BAB20025AC80 /* correct.mp3 */ = {isa = PBXFileReference; lastKnownFileType = audio.mp3; path = correct.mp3; sourceTree = "<group>"; };
		7E727B9D2A38BDD20025AC80 /* lose.mp3 */ = {isa = PBXFileReference; lastKnownFileType = audio.mp3; path = lose.mp3; sourceTree = "<group>"; };
		7E727B9E2A38BDD20025AC80 /* button.mp3 */ = {isa = PBXFileReference; lastKnownFileType = audio.mp3; path = button.mp3; sourceTree = "<group>"; };
		7E727BA12A38BDF80025AC80 /* win.mp3 */ = {isa = PBXFileReference; lastKnownFileType = audio.mp3; path = win.mp3; sourceTree = "<group>"; };
		7E727BA32A38CB850025AC80 /* beep.mp3 */ = {isa = PBXFileReference; lastKnownFileType = audio.mp3; path = beep.mp3; sourceTree = "<group>"; };
		7E727BA52A38CC810025AC80 /* slide.mp3 */ = {isa = PBXFileReference; lastKnownFileType = audio.mp3; path = slide.mp3; sourceTree = "<group>"; };
		7E98147B2A3DF61A008F3A4B /* Base */ = {isa = PBXFileReference; lastKnownFileType = file.storyboard; name = Base; path = Base.lproj/Main.storyboard; sourceTree = "<group>"; };
		7E98148E2A3E8975008F3A4B /* en */ = {isa = PBXFileReference; lastKnownFileType = text.plist.strings; name = en; path = en.lproj/Localizable.strings; sourceTree = "<group>"; };
		7E9814902A3E897D008F3A4B /* es */ = {isa = PBXFileReference; lastKnownFileType = text.plist.strings; name = es; path = es.lproj/Localizable.strings; sourceTree = "<group>"; };
		7E9814912A3E897D008F3A4B /* pt */ = {isa = PBXFileReference; lastKnownFileType = text.plist.strings; name = pt; path = pt.lproj/Localizable.strings; sourceTree = "<group>"; };
		7E9814922A3E897E008F3A4B /* ru */ = {isa = PBXFileReference; lastKnownFileType = text.plist.strings; name = ru; path = ru.lproj/Localizable.strings; sourceTree = "<group>"; };
		7E9814932A3E897F008F3A4B /* ko */ = {isa = PBXFileReference; lastKnownFileType = text.plist.strings; name = ko; path = ko.lproj/Localizable.strings; sourceTree = "<group>"; };
		7E9814942A3E897F008F3A4B /* ja */ = {isa = PBXFileReference; lastKnownFileType = text.plist.strings; name = ja; path = ja.lproj/Localizable.strings; sourceTree = "<group>"; };
		7E9814952A3E8980008F3A4B /* it */ = {isa = PBXFileReference; lastKnownFileType = text.plist.strings; name = it; path = it.lproj/Localizable.strings; sourceTree = "<group>"; };
		7E9814962A3E8981008F3A4B /* de */ = {isa = PBXFileReference; lastKnownFileType = text.plist.strings; name = de; path = de.lproj/Localizable.strings; sourceTree = "<group>"; };
		7E9814972A3E8982008F3A4B /* fr */ = {isa = PBXFileReference; lastKnownFileType = text.plist.strings; name = fr; path = fr.lproj/Localizable.strings; sourceTree = "<group>"; };
		7ED6FEF32A3772F6001AC0DE /* GoogleService-Info.plist */ = {isa = PBXFileReference; fileEncoding = 4; lastKnownFileType = text.plist.xml; path = "GoogleService-Info.plist"; sourceTree = "<group>"; };
		D00BD4412A2BCC530021230E /* AddQuestionVC.swift */ = {isa = PBXFileReference; lastKnownFileType = sourcecode.swift; path = AddQuestionVC.swift; sourceTree = "<group>"; };
		D00BD4432A2BCC670021230E /* AddMemberVC.swift */ = {isa = PBXFileReference; lastKnownFileType = sourcecode.swift; path = AddMemberVC.swift; sourceTree = "<group>"; };
		D03083D82A0F8A4F00A8FBB7 /* CompetitiveVC.swift */ = {isa = PBXFileReference; fileEncoding = 4; lastKnownFileType = sourcecode.swift; path = CompetitiveVC.swift; sourceTree = "<group>"; };
		D03083D92A0F8A4F00A8FBB7 /* ModifyQuizVC.swift */ = {isa = PBXFileReference; fileEncoding = 4; lastKnownFileType = sourcecode.swift; path = ModifyQuizVC.swift; sourceTree = "<group>"; };
		D03083DA2A0F8A4F00A8FBB7 /* ProfileVC.swift */ = {isa = PBXFileReference; fileEncoding = 4; lastKnownFileType = sourcecode.swift; path = ProfileVC.swift; sourceTree = "<group>"; };
		D03083DB2A0F8A4F00A8FBB7 /* GameVC.swift */ = {isa = PBXFileReference; fileEncoding = 4; lastKnownFileType = sourcecode.swift; path = GameVC.swift; sourceTree = "<group>"; };
		D03083DC2A0F8A5000A8FBB7 /* ResultVC.swift */ = {isa = PBXFileReference; fileEncoding = 4; lastKnownFileType = sourcecode.swift; path = ResultVC.swift; sourceTree = "<group>"; };
		D03083DD2A0F8A5000A8FBB7 /* SearchOpponentVC.swift */ = {isa = PBXFileReference; fileEncoding = 4; lastKnownFileType = sourcecode.swift; path = SearchOpponentVC.swift; sourceTree = "<group>"; };
		D03083DE2A0F8A5000A8FBB7 /* FriendsVC.swift */ = {isa = PBXFileReference; fileEncoding = 4; lastKnownFileType = sourcecode.swift; path = FriendsVC.swift; sourceTree = "<group>"; };
		D03083DF2A0F8A5000A8FBB7 /* OpponentChoice.swift */ = {isa = PBXFileReference; fileEncoding = 4; lastKnownFileType = sourcecode.swift; path = OpponentChoice.swift; sourceTree = "<group>"; };
		D03083E02A0F8A5100A8FBB7 /* QuickPlayVC.swift */ = {isa = PBXFileReference; fileEncoding = 4; lastKnownFileType = sourcecode.swift; path = QuickPlayVC.swift; sourceTree = "<group>"; };
		D03083E12A0F8A5100A8FBB7 /* QuizzesVC.swift */ = {isa = PBXFileReference; fileEncoding = 4; lastKnownFileType = sourcecode.swift; path = QuizzesVC.swift; sourceTree = "<group>"; };
		D03083E22A0F8A5100A8FBB7 /* LoginVC.swift */ = {isa = PBXFileReference; fileEncoding = 4; lastKnownFileType = sourcecode.swift; path = LoginVC.swift; sourceTree = "<group>"; };
		D03083E32A0F8A5100A8FBB7 /* CreateAccountVC.swift */ = {isa = PBXFileReference; fileEncoding = 4; lastKnownFileType = sourcecode.swift; path = CreateAccountVC.swift; sourceTree = "<group>"; };
		D03083F12A0F8A7800A8FBB7 /* OpenTriviaDatabaseManager.swift */ = {isa = PBXFileReference; fileEncoding = 4; lastKnownFileType = sourcecode.swift; path = OpenTriviaDatabaseManager.swift; sourceTree = "<group>"; };
		D03083F22A0F8A7800A8FBB7 /* Game.swift */ = {isa = PBXFileReference; fileEncoding = 4; lastKnownFileType = sourcecode.swift; path = Game.swift; sourceTree = "<group>"; };
		D03083F32A0F8A7900A8FBB7 /* AlamofireService.swift */ = {isa = PBXFileReference; fileEncoding = 4; lastKnownFileType = sourcecode.swift; path = AlamofireService.swift; sourceTree = "<group>"; };
		D03083F42A0F8A7900A8FBB7 /* FirebaseUser.swift */ = {isa = PBXFileReference; fileEncoding = 4; lastKnownFileType = sourcecode.swift; path = FirebaseUser.swift; sourceTree = "<group>"; };
		D03083F52A0F8A7900A8FBB7 /* Structures.swift */ = {isa = PBXFileReference; fileEncoding = 4; lastKnownFileType = sourcecode.swift; path = Structures.swift; sourceTree = "<group>"; };
		D03083FD2A0F8AB000A8FBB7 /* Settings.swift */ = {isa = PBXFileReference; fileEncoding = 4; lastKnownFileType = sourcecode.swift; path = Settings.swift; sourceTree = "<group>"; };
		D03084062A0F8CDD00A8FBB7 /* CustomButton.swift */ = {isa = PBXFileReference; lastKnownFileType = sourcecode.swift; path = CustomButton.swift; sourceTree = "<group>"; };
		D03084082A0F8CE500A8FBB7 /* CustomButton2.swift */ = {isa = PBXFileReference; lastKnownFileType = sourcecode.swift; path = CustomButton2.swift; sourceTree = "<group>"; };
		D030840A2A0F8CEB00A8FBB7 /* CategoryCell.swift */ = {isa = PBXFileReference; lastKnownFileType = sourcecode.swift; path = CategoryCell.swift; sourceTree = "<group>"; };
		D030840C2A0F8CF400A8FBB7 /* CustomCell.swift */ = {isa = PBXFileReference; lastKnownFileType = sourcecode.swift; path = CustomCell.swift; sourceTree = "<group>"; };
		D03084122A0F8D8200A8FBB7 /* AlamofireStub.swift */ = {isa = PBXFileReference; fileEncoding = 4; lastKnownFileType = sourcecode.swift; path = AlamofireStub.swift; sourceTree = "<group>"; };
		D03084132A0F8D8200A8FBB7 /* OpenTriviaDatabaseManagerTests.swift */ = {isa = PBXFileReference; fileEncoding = 4; lastKnownFileType = sourcecode.swift; path = OpenTriviaDatabaseManagerTests.swift; sourceTree = "<group>"; };
		D04A5B912A321B950049F02A /* appMusic.mp3 */ = {isa = PBXFileReference; lastKnownFileType = audio.mp3; path = appMusic.mp3; sourceTree = "<group>"; };
		D05B8F402A1DF0360064795D /* InvitePlayersVC.swift */ = {isa = PBXFileReference; lastKnownFileType = sourcecode.swift; path = InvitePlayersVC.swift; sourceTree = "<group>"; };
		D05B8F422A1DF0420064795D /* PrivateLobbyVC.swift */ = {isa = PBXFileReference; lastKnownFileType = sourcecode.swift; path = PrivateLobbyVC.swift; sourceTree = "<group>"; };
		D05B8F442A1E11AC0064795D /* Quiz.entitlements */ = {isa = PBXFileReference; lastKnownFileType = text.plist.entitlements; path = Quiz.entitlements; sourceTree = "<group>"; };
		D05B8F452A1E2B3B0064795D /* InvitesVC.swift */ = {isa = PBXFileReference; lastKnownFileType = sourcecode.swift; path = InvitesVC.swift; sourceTree = "<group>"; };
		D074D66F2A26A2A7004942C4 /* QuestionResultVC.swift */ = {isa = PBXFileReference; lastKnownFileType = sourcecode.swift; path = QuestionResultVC.swift; sourceTree = "<group>"; };
		D084EC362A0F7EF400544AA3 /* Quiz.app */ = {isa = PBXFileReference; explicitFileType = wrapper.application; includeInIndex = 0; path = Quiz.app; sourceTree = BUILT_PRODUCTS_DIR; };
		D084EC392A0F7EF400544AA3 /* AppDelegate.swift */ = {isa = PBXFileReference; lastKnownFileType = sourcecode.swift; path = AppDelegate.swift; sourceTree = "<group>"; };
		D084EC3B2A0F7EF400544AA3 /* SceneDelegate.swift */ = {isa = PBXFileReference; lastKnownFileType = sourcecode.swift; path = SceneDelegate.swift; sourceTree = "<group>"; };
		D084EC452A0F7EF700544AA3 /* Assets.xcassets */ = {isa = PBXFileReference; lastKnownFileType = folder.assetcatalog; path = Assets.xcassets; sourceTree = "<group>"; };
		D084EC482A0F7EF700544AA3 /* Base */ = {isa = PBXFileReference; lastKnownFileType = file.storyboard; name = Base; path = Base.lproj/LaunchScreen.storyboard; sourceTree = "<group>"; };
		D084EC4A2A0F7EF700544AA3 /* Info.plist */ = {isa = PBXFileReference; lastKnownFileType = text.plist.xml; path = Info.plist; sourceTree = "<group>"; };
		D084EC4F2A0F7EF700544AA3 /* QuizTests.xctest */ = {isa = PBXFileReference; explicitFileType = wrapper.cfbundle; includeInIndex = 0; path = QuizTests.xctest; sourceTree = BUILT_PRODUCTS_DIR; };
		D084FB132A10309200721B88 /* HistoryVC.swift */ = {isa = PBXFileReference; lastKnownFileType = sourcecode.swift; path = HistoryVC.swift; sourceTree = "<group>"; };
		D08CAE712A23DE0800C835E9 /* JoinWithCodeVC.swift */ = {isa = PBXFileReference; lastKnownFileType = sourcecode.swift; path = JoinWithCodeVC.swift; sourceTree = "<group>"; };
		D08E0ED82A163FAC00D09FAD /* FakeResponsesData.swift */ = {isa = PBXFileReference; lastKnownFileType = sourcecode.swift; path = FakeResponsesData.swift; sourceTree = "<group>"; };
		D0B35CDB2A159B0C007B3431 /* FirebaseService.swift */ = {isa = PBXFileReference; lastKnownFileType = sourcecode.swift; path = FirebaseService.swift; sourceTree = "<group>"; };
		D0B35CDD2A159B3D007B3431 /* FirebaseStub.swift */ = {isa = PBXFileReference; lastKnownFileType = sourcecode.swift; path = FirebaseStub.swift; sourceTree = "<group>"; };
		D0B35CDF2A159C74007B3431 /* GameTests.swift */ = {isa = PBXFileReference; lastKnownFileType = sourcecode.swift; path = GameTests.swift; sourceTree = "<group>"; };
		D0B582442A33622D00C0D5E2 /* CustomAnimations.swift */ = {isa = PBXFileReference; lastKnownFileType = sourcecode.swift; path = CustomAnimations.swift; sourceTree = "<group>"; };
		D0B74C632A496EB5007A5DD0 /* en */ = {isa = PBXFileReference; lastKnownFileType = text.plist.strings; name = en; path = en.lproj/Main.strings; sourceTree = "<group>"; };
		D0B74C652A496F63007A5DD0 /* fr */ = {isa = PBXFileReference; lastKnownFileType = text.plist.strings; name = fr; path = fr.lproj/Main.strings; sourceTree = "<group>"; };
		D0B74C672A496F77007A5DD0 /* de */ = {isa = PBXFileReference; lastKnownFileType = text.plist.strings; name = de; path = de.lproj/Main.strings; sourceTree = "<group>"; };
		D0B74C692A496F7B007A5DD0 /* it */ = {isa = PBXFileReference; lastKnownFileType = text.plist.strings; name = it; path = it.lproj/Main.strings; sourceTree = "<group>"; };
		D0B74C6B2A496F7C007A5DD0 /* ja */ = {isa = PBXFileReference; lastKnownFileType = text.plist.strings; name = ja; path = ja.lproj/Main.strings; sourceTree = "<group>"; };
		D0B74C6D2A496F7D007A5DD0 /* ko */ = {isa = PBXFileReference; lastKnownFileType = text.plist.strings; name = ko; path = ko.lproj/Main.strings; sourceTree = "<group>"; };
		D0B74C6F2A496F7F007A5DD0 /* pt */ = {isa = PBXFileReference; lastKnownFileType = text.plist.strings; name = pt; path = pt.lproj/Main.strings; sourceTree = "<group>"; };
		D0B74C712A496F80007A5DD0 /* ru */ = {isa = PBXFileReference; lastKnownFileType = text.plist.strings; name = ru; path = ru.lproj/Main.strings; sourceTree = "<group>"; };
		D0B74C732A496F81007A5DD0 /* es */ = {isa = PBXFileReference; lastKnownFileType = text.plist.strings; name = es; path = es.lproj/Main.strings; sourceTree = "<group>"; };
		D0B74C742A497C77007A5DD0 /* zh-Hans */ = {isa = PBXFileReference; lastKnownFileType = text.plist.strings; name = "zh-Hans"; path = "zh-Hans.lproj/Main.strings"; sourceTree = "<group>"; };
		D0B74C752A497C77007A5DD0 /* zh-Hans */ = {isa = PBXFileReference; lastKnownFileType = text.plist.strings; name = "zh-Hans"; path = "zh-Hans.lproj/Localizable.strings"; sourceTree = "<group>"; };
		D0B8524F2A24AFF700A7D9B7 /* FirestoreFields.swift */ = {isa = PBXFileReference; lastKnownFileType = sourcecode.swift; path = FirestoreFields.swift; sourceTree = "<group>"; };
		D0C486CF2A1ADC2700F68DE5 /* FirebaseUserTests.swift */ = {isa = PBXFileReference; lastKnownFileType = sourcecode.swift; path = FirebaseUserTests.swift; sourceTree = "<group>"; };
/* End PBXFileReference section */

/* Begin PBXFrameworksBuildPhase section */
		D084EC332A0F7EF400544AA3 /* Frameworks */ = {
			isa = PBXFrameworksBuildPhase;
			buildActionMask = 2147483647;
			files = (
				D01EDCE42A182A3400FF3163 /* FirebaseMessaging in Frameworks */,
				D0B852532A2528D500A7D9B7 /* Alamofire in Frameworks */,
				7E53C14F2A3C97900046CC5E /* FirebasePerformance in Frameworks */,
				D0E8C9E32A28E7CD009E8A09 /* SDWebImage in Frameworks */,
				D01EDCDE2A182A3400FF3163 /* FirebaseDatabase in Frameworks */,
				D01EDCE02A182A3400FF3163 /* FirebaseFirestore in Frameworks */,
				D01EDCE22A182A3400FF3163 /* FirebaseFunctions in Frameworks */,
				D01EDCE62A182A3400FF3163 /* FirebaseStorage in Frameworks */,
				D01EDCDC2A182A3400FF3163 /* FirebaseAuth in Frameworks */,
			);
			runOnlyForDeploymentPostprocessing = 0;
		};
		D084EC4C2A0F7EF700544AA3 /* Frameworks */ = {
			isa = PBXFrameworksBuildPhase;
			buildActionMask = 2147483647;
			files = (
				D04FCDF92A2EA08A000E688E /* FirebaseDatabase in Frameworks */,
				D04FCDFF2A2EA08B000E688E /* FirebaseFirestore in Frameworks */,
				D04FCDE72A2EA08A000E688E /* FirebaseAnalytics in Frameworks */,
				D04FCDEF2A2EA08A000E688E /* FirebaseAppCheck in Frameworks */,
				D04FCE1D2A2EA0CF000E688E /* SDWebImage in Frameworks */,
				D04FCE0F2A2EA08B000E688E /* FirebaseMessaging in Frameworks */,
				D04FCDF32A2EA08A000E688E /* FirebaseAuth in Frameworks */,
				D04FCE052A2EA08B000E688E /* FirebaseFunctions in Frameworks */,
				D04FCE1F2A2EA112000E688E /* Alamofire in Frameworks */,
				D04FCE192A2EA08B000E688E /* FirebaseStorage in Frameworks */,
			);
			runOnlyForDeploymentPostprocessing = 0;
		};
/* End PBXFrameworksBuildPhase section */

/* Begin PBXGroup section */
		7E0840092A45375200B82CFD /* Register */ = {
			isa = PBXGroup;
			children = (
				D03083E22A0F8A5100A8FBB7 /* LoginVC.swift */,
				D03083E32A0F8A5100A8FBB7 /* CreateAccountVC.swift */,
			);
			path = Register;
			sourceTree = "<group>";
		};
		7E33A7122A45342F008947BF /* Social */ = {
			isa = PBXGroup;
			children = (
				7E33A7102A44E3A0008947BF /* SocialVC.swift */,
				D05B8F452A1E2B3B0064795D /* InvitesVC.swift */,
				D03083DE2A0F8A5000A8FBB7 /* FriendsVC.swift */,
				7E33A70C2A44C258008947BF /* GroupsVC.swift */,
				7E33A70E2A44C616008947BF /* ModifyGroupVC.swift */,
				D00BD4432A2BCC670021230E /* AddMemberVC.swift */,
			);
			path = Social;
			sourceTree = "<group>";
		};
		7E53C15F2A3C9AF50046CC5E /* sounds */ = {
			isa = PBXGroup;
			children = (
				7E727B992A38BAB20025AC80 /* incorrect.mp3 */,
				7E727BA52A38CC810025AC80 /* slide.mp3 */,
				7E727BA32A38CB850025AC80 /* beep.mp3 */,
				7E727B9E2A38BDD20025AC80 /* button.mp3 */,
				7E727BA12A38BDF80025AC80 /* win.mp3 */,
				7E727B9D2A38BDD20025AC80 /* lose.mp3 */,
				7E727B9A2A38BAB20025AC80 /* correct.mp3 */,
				D04A5B912A321B950049F02A /* appMusic.mp3 */,
			);
			path = sounds;
			sourceTree = "<group>";
		};
		7E98148A2A3E88F9008F3A4B /* Localizables */ = {
			isa = PBXGroup;
			children = (
				7E98148F2A3E8975008F3A4B /* Localizable.strings */,
			);
			path = Localizables;
			sourceTree = "<group>";
		};
		D03083D72A0F8A3800A8FBB7 /* Controller */ = {
			isa = PBXGroup;
			children = (
				7E0840092A45375200B82CFD /* Register */,
				7E33A7122A45342F008947BF /* Social */,
				D0B06A682A1C0AAC00D70E47 /* Profile */,
				D0B06A692A1C0ABE00D70E47 /* Competitive */,
				D0B06A6A2A1C0AF800D70E47 /* QuickGame */,
				D03083DB2A0F8A4F00A8FBB7 /* GameVC.swift */,
				D03083DC2A0F8A5000A8FBB7 /* ResultVC.swift */,
				D074D66F2A26A2A7004942C4 /* QuestionResultVC.swift */,
			);
			path = Controller;
			sourceTree = "<group>";
		};
		D03083F02A0F8A5F00A8FBB7 /* Model */ = {
			isa = PBXGroup;
			children = (
				D03083F42A0F8A7900A8FBB7 /* FirebaseUser.swift */,
				D03083F22A0F8A7800A8FBB7 /* Game.swift */,
				D03083F12A0F8A7800A8FBB7 /* OpenTriviaDatabaseManager.swift */,
				7E53C1422A3C80210046CC5E /* DeeplTranslatorManager.swift */,
				D0B8524E2A24AFD200A7D9B7 /* Structures */,
				D0B35CE12A159CDE007B3431 /* services */,
			);
			path = Model;
			sourceTree = "<group>";
		};
		D03083FB2A0F8A9000A8FBB7 /* View */ = {
			isa = PBXGroup;
			children = (
				7E98148A2A3E88F9008F3A4B /* Localizables */,
				D0EB9A3E2A27AD01006D2A48 /* CustomButtons */,
				D030840A2A0F8CEB00A8FBB7 /* CategoryCell.swift */,
				D030840C2A0F8CF400A8FBB7 /* CustomCell.swift */,
				7E98147C2A3DF61A008F3A4B /* Main.storyboard */,
				D084EC472A0F7EF700544AA3 /* LaunchScreen.storyboard */,
				D03083FD2A0F8AB000A8FBB7 /* Settings.swift */,
				D0B582442A33622D00C0D5E2 /* CustomAnimations.swift */,
				7E5F99A52A39FCF800476A4D /* SettingsCell.swift */,
			);
			path = View;
			sourceTree = "<group>";
		};
		D04FCDE52A2EA08A000E688E /* Frameworks */ = {
			isa = PBXGroup;
			children = (
			);
			name = Frameworks;
			sourceTree = "<group>";
		};
		D084EC2D2A0F7EF400544AA3 = {
			isa = PBXGroup;
			children = (
				D084EC382A0F7EF400544AA3 /* Quiz */,
				D084EC522A0F7EF700544AA3 /* QuizTests */,
				D084EC372A0F7EF400544AA3 /* Products */,
				D04FCDE52A2EA08A000E688E /* Frameworks */,
			);
			sourceTree = "<group>";
		};
		D084EC372A0F7EF400544AA3 /* Products */ = {
			isa = PBXGroup;
			children = (
				D084EC362A0F7EF400544AA3 /* Quiz.app */,
				D084EC4F2A0F7EF700544AA3 /* QuizTests.xctest */,
			);
			name = Products;
			sourceTree = "<group>";
		};
		D084EC382A0F7EF400544AA3 /* Quiz */ = {
			isa = PBXGroup;
			children = (
				D05B8F442A1E11AC0064795D /* Quiz.entitlements */,
				D084EC722A0F7FD700544AA3 /* Others */,
				D03083D72A0F8A3800A8FBB7 /* Controller */,
				D03083FB2A0F8A9000A8FBB7 /* View */,
				D03083F02A0F8A5F00A8FBB7 /* Model */,
				D084EC4A2A0F7EF700544AA3 /* Info.plist */,
				7ED6FEF32A3772F6001AC0DE /* GoogleService-Info.plist */,
			);
			path = Quiz;
			sourceTree = "<group>";
		};
		D084EC522A0F7EF700544AA3 /* QuizTests */ = {
			isa = PBXGroup;
			children = (
				D03084132A0F8D8200A8FBB7 /* OpenTriviaDatabaseManagerTests.swift */,
				D0B35CDF2A159C74007B3431 /* GameTests.swift */,
				D0C486CF2A1ADC2700F68DE5 /* FirebaseUserTests.swift */,
				D0B35CE22A159CF4007B3431 /* Stubs */,
			);
			path = QuizTests;
			sourceTree = "<group>";
		};
		D084EC722A0F7FD700544AA3 /* Others */ = {
			isa = PBXGroup;
			children = (
				7E53C15F2A3C9AF50046CC5E /* sounds */,
				D084EC452A0F7EF700544AA3 /* Assets.xcassets */,
				D084EC3B2A0F7EF400544AA3 /* SceneDelegate.swift */,
				D084EC392A0F7EF400544AA3 /* AppDelegate.swift */,
			);
			path = Others;
			sourceTree = "<group>";
		};
		D0B06A682A1C0AAC00D70E47 /* Profile */ = {
			isa = PBXGroup;
			children = (
				D03083DA2A0F8A4F00A8FBB7 /* ProfileVC.swift */,
				D084FB132A10309200721B88 /* HistoryVC.swift */,
				D03083E12A0F8A5100A8FBB7 /* QuizzesVC.swift */,
				D03083D92A0F8A4F00A8FBB7 /* ModifyQuizVC.swift */,
				D00BD4412A2BCC530021230E /* AddQuestionVC.swift */,
			);
			path = Profile;
			sourceTree = "<group>";
		};
		D0B06A692A1C0ABE00D70E47 /* Competitive */ = {
			isa = PBXGroup;
			children = (
				D03083D82A0F8A4F00A8FBB7 /* CompetitiveVC.swift */,
				D03083DD2A0F8A5000A8FBB7 /* SearchOpponentVC.swift */,
			);
			path = Competitive;
			sourceTree = "<group>";
		};
		D0B06A6A2A1C0AF800D70E47 /* QuickGame */ = {
			isa = PBXGroup;
			children = (
				D03083E02A0F8A5100A8FBB7 /* QuickPlayVC.swift */,
				D03083DF2A0F8A5000A8FBB7 /* OpponentChoice.swift */,
				D05B8F422A1DF0420064795D /* PrivateLobbyVC.swift */,
				D05B8F402A1DF0360064795D /* InvitePlayersVC.swift */,
				D08CAE712A23DE0800C835E9 /* JoinWithCodeVC.swift */,
			);
			path = QuickGame;
			sourceTree = "<group>";
		};
		D0B35CE12A159CDE007B3431 /* services */ = {
			isa = PBXGroup;
			children = (
				D03083F32A0F8A7900A8FBB7 /* AlamofireService.swift */,
				D0B35CDB2A159B0C007B3431 /* FirebaseService.swift */,
			);
			path = services;
			sourceTree = "<group>";
		};
		D0B35CE22A159CF4007B3431 /* Stubs */ = {
			isa = PBXGroup;
			children = (
				D0B35CDD2A159B3D007B3431 /* FirebaseStub.swift */,
				D03084122A0F8D8200A8FBB7 /* AlamofireStub.swift */,
				D08E0ED82A163FAC00D09FAD /* FakeResponsesData.swift */,
			);
			path = Stubs;
			sourceTree = "<group>";
		};
		D0B8524E2A24AFD200A7D9B7 /* Structures */ = {
			isa = PBXGroup;
			children = (
				D03083F52A0F8A7900A8FBB7 /* Structures.swift */,
				D0B8524F2A24AFF700A7D9B7 /* FirestoreFields.swift */,
			);
			path = Structures;
			sourceTree = "<group>";
		};
		D0EB9A3E2A27AD01006D2A48 /* CustomButtons */ = {
			isa = PBXGroup;
			children = (
				D03084062A0F8CDD00A8FBB7 /* CustomButton.swift */,
				D03084082A0F8CE500A8FBB7 /* CustomButton2.swift */,
			);
			path = CustomButtons;
			sourceTree = "<group>";
		};
/* End PBXGroup section */

/* Begin PBXNativeTarget section */
		D084EC352A0F7EF400544AA3 /* Quiz */ = {
			isa = PBXNativeTarget;
			buildConfigurationList = D084EC632A0F7EF700544AA3 /* Build configuration list for PBXNativeTarget "Quiz" */;
			buildPhases = (
				D084EC322A0F7EF400544AA3 /* Sources */,
				D084EC332A0F7EF400544AA3 /* Frameworks */,
				D084EC342A0F7EF400544AA3 /* Resources */,
			);
			buildRules = (
			);
			dependencies = (
			);
			name = Quiz;
			packageProductDependencies = (
				D01EDCDB2A182A3400FF3163 /* FirebaseAuth */,
				D01EDCDD2A182A3400FF3163 /* FirebaseDatabase */,
				D01EDCDF2A182A3400FF3163 /* FirebaseFirestore */,
				D01EDCE12A182A3400FF3163 /* FirebaseFunctions */,
				D01EDCE32A182A3400FF3163 /* FirebaseMessaging */,
				D01EDCE52A182A3400FF3163 /* FirebaseStorage */,
				D0B852522A2528D500A7D9B7 /* Alamofire */,
				D0E8C9E22A28E7CD009E8A09 /* SDWebImage */,
				7E53C14E2A3C97900046CC5E /* FirebasePerformance */,
			);
			productName = Quiz;
			productReference = D084EC362A0F7EF400544AA3 /* Quiz.app */;
			productType = "com.apple.product-type.application";
		};
		D084EC4E2A0F7EF700544AA3 /* QuizTests */ = {
			isa = PBXNativeTarget;
			buildConfigurationList = D084EC662A0F7EF700544AA3 /* Build configuration list for PBXNativeTarget "QuizTests" */;
			buildPhases = (
				D084EC4B2A0F7EF700544AA3 /* Sources */,
				D084EC4C2A0F7EF700544AA3 /* Frameworks */,
				D084EC4D2A0F7EF700544AA3 /* Resources */,
			);
			buildRules = (
			);
			dependencies = (
				D084EC512A0F7EF700544AA3 /* PBXTargetDependency */,
			);
			name = QuizTests;
			packageProductDependencies = (
				D04FCDE62A2EA08A000E688E /* FirebaseAnalytics */,
				D04FCDEE2A2EA08A000E688E /* FirebaseAppCheck */,
				D04FCDF22A2EA08A000E688E /* FirebaseAuth */,
				D04FCDF82A2EA08A000E688E /* FirebaseDatabase */,
				D04FCDFE2A2EA08B000E688E /* FirebaseFirestore */,
				D04FCE042A2EA08B000E688E /* FirebaseFunctions */,
				D04FCE0E2A2EA08B000E688E /* FirebaseMessaging */,
				D04FCE182A2EA08B000E688E /* FirebaseStorage */,
				D04FCE1C2A2EA0CF000E688E /* SDWebImage */,
				D04FCE1E2A2EA112000E688E /* Alamofire */,
			);
			productName = QuizTests;
			productReference = D084EC4F2A0F7EF700544AA3 /* QuizTests.xctest */;
			productType = "com.apple.product-type.bundle.unit-test";
		};
/* End PBXNativeTarget section */

/* Begin PBXProject section */
		D084EC2E2A0F7EF400544AA3 /* Project object */ = {
			isa = PBXProject;
			attributes = {
				BuildIndependentTargetsInParallel = 1;
				LastSwiftUpdateCheck = 1430;
				LastUpgradeCheck = 1410;
				TargetAttributes = {
					D084EC352A0F7EF400544AA3 = {
						CreatedOnToolsVersion = 14.1;
					};
					D084EC4E2A0F7EF700544AA3 = {
						CreatedOnToolsVersion = 14.1;
						TestTargetID = D084EC352A0F7EF400544AA3;
					};
				};
			};
			buildConfigurationList = D084EC312A0F7EF400544AA3 /* Build configuration list for PBXProject "Quiz" */;
			compatibilityVersion = "Xcode 14.0";
			developmentRegion = en;
			hasScannedForEncodings = 0;
			knownRegions = (
				en,
				Base,
				fr,
				es,
				ru,
				de,
				it,
				ja,
				ko,
				pt,
				"zh-Hans",
			);
			mainGroup = D084EC2D2A0F7EF400544AA3;
			packageReferences = (
				D01EDCDA2A182A3400FF3163 /* XCRemoteSwiftPackageReference "firebase-ios-sdk" */,
				D0B852512A2528D500A7D9B7 /* XCRemoteSwiftPackageReference "Alamofire" */,
				D0E8C9E12A28E7CD009E8A09 /* XCRemoteSwiftPackageReference "SDWebImage" */,
			);
			productRefGroup = D084EC372A0F7EF400544AA3 /* Products */;
			projectDirPath = "";
			projectRoot = "";
			targets = (
				D084EC352A0F7EF400544AA3 /* Quiz */,
				D084EC4E2A0F7EF700544AA3 /* QuizTests */,
			);
		};
/* End PBXProject section */

/* Begin PBXResourcesBuildPhase section */
		D084EC342A0F7EF400544AA3 /* Resources */ = {
			isa = PBXResourcesBuildPhase;
			buildActionMask = 2147483647;
			files = (
				7E727BA02A38BDD20025AC80 /* button.mp3 in Resources */,
				7E727BA62A38CC810025AC80 /* slide.mp3 in Resources */,
				D084EC492A0F7EF700544AA3 /* LaunchScreen.storyboard in Resources */,
				7E727BA22A38BDF80025AC80 /* win.mp3 in Resources */,
				7E727BA42A38CB850025AC80 /* beep.mp3 in Resources */,
				7E98147A2A3DF61A008F3A4B /* Main.storyboard in Resources */,
				7ED6FEF42A3772F6001AC0DE /* GoogleService-Info.plist in Resources */,
				7E98148D2A3E8975008F3A4B /* Localizable.strings in Resources */,
				7E727B9F2A38BDD20025AC80 /* lose.mp3 in Resources */,
				7E727B9C2A38BAB20025AC80 /* correct.mp3 in Resources */,
				D084EC462A0F7EF700544AA3 /* Assets.xcassets in Resources */,
				D04A5B922A321B950049F02A /* appMusic.mp3 in Resources */,
				7E727B9B2A38BAB20025AC80 /* incorrect.mp3 in Resources */,
			);
			runOnlyForDeploymentPostprocessing = 0;
		};
		D084EC4D2A0F7EF700544AA3 /* Resources */ = {
			isa = PBXResourcesBuildPhase;
			buildActionMask = 2147483647;
			files = (
			);
			runOnlyForDeploymentPostprocessing = 0;
		};
/* End PBXResourcesBuildPhase section */

/* Begin PBXSourcesBuildPhase section */
		D084EC322A0F7EF400544AA3 /* Sources */ = {
			isa = PBXSourcesBuildPhase;
			buildActionMask = 2147483647;
			files = (
				D05B8F432A1DF0420064795D /* PrivateLobbyVC.swift in Sources */,
				7E33A7112A44E3A0008947BF /* SocialVC.swift in Sources */,
				D03083E72A0F8A5100A8FBB7 /* GameVC.swift in Sources */,
				D03083E82A0F8A5100A8FBB7 /* ResultVC.swift in Sources */,
				D03083EE2A0F8A5200A8FBB7 /* LoginVC.swift in Sources */,
				7E5F99A62A39FCF800476A4D /* SettingsCell.swift in Sources */,
				D03083E42A0F8A5100A8FBB7 /* CompetitiveVC.swift in Sources */,
				D030840F2A0F8CF500A8FBB7 /* CustomCell.swift in Sources */,
				D03084092A0F8CE500A8FBB7 /* CustomButton2.swift in Sources */,
				D084EC3A2A0F7EF400544AA3 /* AppDelegate.swift in Sources */,
				D03083EA2A0F8A5200A8FBB7 /* FriendsVC.swift in Sources */,
				D03083EF2A0F8A5200A8FBB7 /* CreateAccountVC.swift in Sources */,
				D03083E52A0F8A5100A8FBB7 /* ModifyQuizVC.swift in Sources */,
				D03083E92A0F8A5100A8FBB7 /* SearchOpponentVC.swift in Sources */,
				7E33A70D2A44C258008947BF /* GroupsVC.swift in Sources */,
				D030840B2A0F8CEB00A8FBB7 /* CategoryCell.swift in Sources */,
				D0B35CDC2A159B0C007B3431 /* FirebaseService.swift in Sources */,
				7E53C1432A3C80210046CC5E /* DeeplTranslatorManager.swift in Sources */,
				D03083F82A0F8A7900A8FBB7 /* AlamofireService.swift in Sources */,
				D03083EC2A0F8A5200A8FBB7 /* QuickPlayVC.swift in Sources */,
				D03083F62A0F8A7900A8FBB7 /* OpenTriviaDatabaseManager.swift in Sources */,
				D03083E62A0F8A5100A8FBB7 /* ProfileVC.swift in Sources */,
				D03083F72A0F8A7900A8FBB7 /* Game.swift in Sources */,
				D00BD4442A2BCC670021230E /* AddMemberVC.swift in Sources */,
				D03083FA2A0F8A7900A8FBB7 /* Structures.swift in Sources */,
				D084FB142A10309200721B88 /* HistoryVC.swift in Sources */,
				D03083EB2A0F8A5200A8FBB7 /* OpponentChoice.swift in Sources */,
				D05B8F462A1E2B3B0064795D /* InvitesVC.swift in Sources */,
				D03083F92A0F8A7900A8FBB7 /* FirebaseUser.swift in Sources */,
				D03084072A0F8CDD00A8FBB7 /* CustomButton.swift in Sources */,
				D0B582452A33622D00C0D5E2 /* CustomAnimations.swift in Sources */,
				D05B8F412A1DF0360064795D /* InvitePlayersVC.swift in Sources */,
				D00BD4422A2BCC530021230E /* AddQuestionVC.swift in Sources */,
				D074D6702A26A2A7004942C4 /* QuestionResultVC.swift in Sources */,
				D0B852502A24AFF700A7D9B7 /* FirestoreFields.swift in Sources */,
				D03084022A0F8AB100A8FBB7 /* Settings.swift in Sources */,
				D08CAE722A23DE0800C835E9 /* JoinWithCodeVC.swift in Sources */,
				7E33A70F2A44C616008947BF /* ModifyGroupVC.swift in Sources */,
				D084EC3C2A0F7EF400544AA3 /* SceneDelegate.swift in Sources */,
				D03083ED2A0F8A5200A8FBB7 /* QuizzesVC.swift in Sources */,
			);
			runOnlyForDeploymentPostprocessing = 0;
		};
		D084EC4B2A0F7EF700544AA3 /* Sources */ = {
			isa = PBXSourcesBuildPhase;
			buildActionMask = 2147483647;
			files = (
				D08E0ED92A163FAC00D09FAD /* FakeResponsesData.swift in Sources */,
				D03084152A0F8D8200A8FBB7 /* OpenTriviaDatabaseManagerTests.swift in Sources */,
				D03084142A0F8D8200A8FBB7 /* AlamofireStub.swift in Sources */,
				D0C486D02A1ADC2700F68DE5 /* FirebaseUserTests.swift in Sources */,
				D0B35CDE2A159B3D007B3431 /* FirebaseStub.swift in Sources */,
				D0B35CE02A159C74007B3431 /* GameTests.swift in Sources */,
			);
			runOnlyForDeploymentPostprocessing = 0;
		};
/* End PBXSourcesBuildPhase section */

/* Begin PBXTargetDependency section */
		D084EC512A0F7EF700544AA3 /* PBXTargetDependency */ = {
			isa = PBXTargetDependency;
			target = D084EC352A0F7EF400544AA3 /* Quiz */;
			targetProxy = D084EC502A0F7EF700544AA3 /* PBXContainerItemProxy */;
		};
/* End PBXTargetDependency section */

/* Begin PBXVariantGroup section */
		7E98147C2A3DF61A008F3A4B /* Main.storyboard */ = {
			isa = PBXVariantGroup;
			children = (
				7E98147B2A3DF61A008F3A4B /* Base */,
				D0B74C632A496EB5007A5DD0 /* en */,
				D0B74C652A496F63007A5DD0 /* fr */,
				D0B74C672A496F77007A5DD0 /* de */,
				D0B74C692A496F7B007A5DD0 /* it */,
				D0B74C6B2A496F7C007A5DD0 /* ja */,
				D0B74C6D2A496F7D007A5DD0 /* ko */,
				D0B74C6F2A496F7F007A5DD0 /* pt */,
				D0B74C712A496F80007A5DD0 /* ru */,
				D0B74C732A496F81007A5DD0 /* es */,
				D0B74C742A497C77007A5DD0 /* zh-Hans */,
			);
			name = Main.storyboard;
			sourceTree = "<group>";
		};
		7E98148F2A3E8975008F3A4B /* Localizable.strings */ = {
			isa = PBXVariantGroup;
			children = (
				7E98148E2A3E8975008F3A4B /* en */,
				7E9814902A3E897D008F3A4B /* es */,
				7E9814912A3E897D008F3A4B /* pt */,
				7E9814922A3E897E008F3A4B /* ru */,
				7E9814932A3E897F008F3A4B /* ko */,
				7E9814942A3E897F008F3A4B /* ja */,
				7E9814952A3E8980008F3A4B /* it */,
				7E9814962A3E8981008F3A4B /* de */,
				7E9814972A3E8982008F3A4B /* fr */,
				D0B74C752A497C77007A5DD0 /* zh-Hans */,
			);
			name = Localizable.strings;
			sourceTree = "<group>";
		};
		D084EC472A0F7EF700544AA3 /* LaunchScreen.storyboard */ = {
			isa = PBXVariantGroup;
			children = (
				D084EC482A0F7EF700544AA3 /* Base */,
			);
			name = LaunchScreen.storyboard;
			sourceTree = "<group>";
		};
/* End PBXVariantGroup section */

/* Begin XCBuildConfiguration section */
		D084EC612A0F7EF700544AA3 /* Debug */ = {
			isa = XCBuildConfiguration;
			buildSettings = {
				ALWAYS_SEARCH_USER_PATHS = NO;
				CLANG_ANALYZER_LOCALIZABILITY_NONLOCALIZED = YES;
				CLANG_ANALYZER_NONNULL = YES;
				CLANG_ANALYZER_NUMBER_OBJECT_CONVERSION = YES_AGGRESSIVE;
				CLANG_CXX_LANGUAGE_STANDARD = "gnu++20";
				CLANG_ENABLE_MODULES = YES;
				CLANG_ENABLE_OBJC_ARC = YES;
				CLANG_ENABLE_OBJC_WEAK = YES;
				CLANG_WARN_BLOCK_CAPTURE_AUTORELEASING = YES;
				CLANG_WARN_BOOL_CONVERSION = YES;
				CLANG_WARN_COMMA = YES;
				CLANG_WARN_CONSTANT_CONVERSION = YES;
				CLANG_WARN_DEPRECATED_OBJC_IMPLEMENTATIONS = YES;
				CLANG_WARN_DIRECT_OBJC_ISA_USAGE = YES_ERROR;
				CLANG_WARN_DOCUMENTATION_COMMENTS = YES;
				CLANG_WARN_EMPTY_BODY = YES;
				CLANG_WARN_ENUM_CONVERSION = YES;
				CLANG_WARN_INFINITE_RECURSION = YES;
				CLANG_WARN_INT_CONVERSION = YES;
				CLANG_WARN_NON_LITERAL_NULL_CONVERSION = YES;
				CLANG_WARN_OBJC_IMPLICIT_RETAIN_SELF = YES;
				CLANG_WARN_OBJC_LITERAL_CONVERSION = YES;
				CLANG_WARN_OBJC_ROOT_CLASS = YES_ERROR;
				CLANG_WARN_QUOTED_INCLUDE_IN_FRAMEWORK_HEADER = YES;
				CLANG_WARN_RANGE_LOOP_ANALYSIS = YES;
				CLANG_WARN_STRICT_PROTOTYPES = YES;
				CLANG_WARN_SUSPICIOUS_MOVE = YES;
				CLANG_WARN_UNGUARDED_AVAILABILITY = YES_AGGRESSIVE;
				CLANG_WARN_UNREACHABLE_CODE = YES;
				CLANG_WARN__DUPLICATE_METHOD_MATCH = YES;
				COPY_PHASE_STRIP = NO;
				DEBUG_INFORMATION_FORMAT = dwarf;
				ENABLE_STRICT_OBJC_MSGSEND = YES;
				ENABLE_TESTABILITY = YES;
				GCC_C_LANGUAGE_STANDARD = gnu11;
				GCC_DYNAMIC_NO_PIC = NO;
				GCC_NO_COMMON_BLOCKS = YES;
				GCC_OPTIMIZATION_LEVEL = 0;
				GCC_PREPROCESSOR_DEFINITIONS = (
					"DEBUG=1",
					"$(inherited)",
				);
				GCC_WARN_64_TO_32_BIT_CONVERSION = YES;
				GCC_WARN_ABOUT_RETURN_TYPE = YES_ERROR;
				GCC_WARN_UNDECLARED_SELECTOR = YES;
				GCC_WARN_UNINITIALIZED_AUTOS = YES_AGGRESSIVE;
				GCC_WARN_UNUSED_FUNCTION = YES;
				GCC_WARN_UNUSED_VARIABLE = YES;
				IPHONEOS_DEPLOYMENT_TARGET = 16.1;
				MTL_ENABLE_DEBUG_INFO = INCLUDE_SOURCE;
				MTL_FAST_MATH = YES;
				ONLY_ACTIVE_ARCH = YES;
				SDKROOT = iphoneos;
				SWIFT_ACTIVE_COMPILATION_CONDITIONS = DEBUG;
				SWIFT_OPTIMIZATION_LEVEL = "-Onone";
			};
			name = Debug;
		};
		D084EC622A0F7EF700544AA3 /* Release */ = {
			isa = XCBuildConfiguration;
			buildSettings = {
				ALWAYS_SEARCH_USER_PATHS = NO;
				CLANG_ANALYZER_LOCALIZABILITY_NONLOCALIZED = YES;
				CLANG_ANALYZER_NONNULL = YES;
				CLANG_ANALYZER_NUMBER_OBJECT_CONVERSION = YES_AGGRESSIVE;
				CLANG_CXX_LANGUAGE_STANDARD = "gnu++20";
				CLANG_ENABLE_MODULES = YES;
				CLANG_ENABLE_OBJC_ARC = YES;
				CLANG_ENABLE_OBJC_WEAK = YES;
				CLANG_WARN_BLOCK_CAPTURE_AUTORELEASING = YES;
				CLANG_WARN_BOOL_CONVERSION = YES;
				CLANG_WARN_COMMA = YES;
				CLANG_WARN_CONSTANT_CONVERSION = YES;
				CLANG_WARN_DEPRECATED_OBJC_IMPLEMENTATIONS = YES;
				CLANG_WARN_DIRECT_OBJC_ISA_USAGE = YES_ERROR;
				CLANG_WARN_DOCUMENTATION_COMMENTS = YES;
				CLANG_WARN_EMPTY_BODY = YES;
				CLANG_WARN_ENUM_CONVERSION = YES;
				CLANG_WARN_INFINITE_RECURSION = YES;
				CLANG_WARN_INT_CONVERSION = YES;
				CLANG_WARN_NON_LITERAL_NULL_CONVERSION = YES;
				CLANG_WARN_OBJC_IMPLICIT_RETAIN_SELF = YES;
				CLANG_WARN_OBJC_LITERAL_CONVERSION = YES;
				CLANG_WARN_OBJC_ROOT_CLASS = YES_ERROR;
				CLANG_WARN_QUOTED_INCLUDE_IN_FRAMEWORK_HEADER = YES;
				CLANG_WARN_RANGE_LOOP_ANALYSIS = YES;
				CLANG_WARN_STRICT_PROTOTYPES = YES;
				CLANG_WARN_SUSPICIOUS_MOVE = YES;
				CLANG_WARN_UNGUARDED_AVAILABILITY = YES_AGGRESSIVE;
				CLANG_WARN_UNREACHABLE_CODE = YES;
				CLANG_WARN__DUPLICATE_METHOD_MATCH = YES;
				COPY_PHASE_STRIP = NO;
				DEBUG_INFORMATION_FORMAT = "dwarf-with-dsym";
				ENABLE_NS_ASSERTIONS = NO;
				ENABLE_STRICT_OBJC_MSGSEND = YES;
				GCC_C_LANGUAGE_STANDARD = gnu11;
				GCC_NO_COMMON_BLOCKS = YES;
				GCC_WARN_64_TO_32_BIT_CONVERSION = YES;
				GCC_WARN_ABOUT_RETURN_TYPE = YES_ERROR;
				GCC_WARN_UNDECLARED_SELECTOR = YES;
				GCC_WARN_UNINITIALIZED_AUTOS = YES_AGGRESSIVE;
				GCC_WARN_UNUSED_FUNCTION = YES;
				GCC_WARN_UNUSED_VARIABLE = YES;
				IPHONEOS_DEPLOYMENT_TARGET = 16.1;
				MTL_ENABLE_DEBUG_INFO = NO;
				MTL_FAST_MATH = YES;
				SDKROOT = iphoneos;
				SWIFT_COMPILATION_MODE = wholemodule;
				SWIFT_OPTIMIZATION_LEVEL = "-O";
				VALIDATE_PRODUCT = YES;
			};
			name = Release;
		};
		D084EC642A0F7EF700544AA3 /* Debug */ = {
			isa = XCBuildConfiguration;
			buildSettings = {
				ASSETCATALOG_COMPILER_APPICON_NAME = AppIcon;
				ASSETCATALOG_COMPILER_GLOBAL_ACCENT_COLOR_NAME = AccentColor;
				CODE_SIGN_ENTITLEMENTS = Quiz/Quiz.entitlements;
				CODE_SIGN_STYLE = Automatic;
				CURRENT_PROJECT_VERSION = 1;
				DEVELOPMENT_TEAM = 45SY58GRA8;
				GENERATE_INFOPLIST_FILE = YES;
				INFOPLIST_FILE = Quiz/Info.plist;
				INFOPLIST_KEY_CFBundleDisplayName = QuizApp;
				INFOPLIST_KEY_LSApplicationCategoryType = "public.app-category.trivia-games";
				INFOPLIST_KEY_UIApplicationSupportsIndirectInputEvents = YES;
				INFOPLIST_KEY_UILaunchStoryboardName = LaunchScreen;
				INFOPLIST_KEY_UIMainStoryboardFile = Main;
				INFOPLIST_KEY_UIRequiresFullScreen = YES;
				INFOPLIST_KEY_UIStatusBarStyle = "";
				INFOPLIST_KEY_UISupportedInterfaceOrientations = UIInterfaceOrientationPortrait;
				IPHONEOS_DEPLOYMENT_TARGET = 15.0;
				LD_RUNPATH_SEARCH_PATHS = (
					"$(inherited)",
					"@executable_path/Frameworks",
				);
				MARKETING_VERSION = 1.0;
				PRODUCT_BUNDLE_IDENTIFIER = com.guillaume.QuizApp;
				PRODUCT_NAME = "$(TARGET_NAME)";
				SWIFT_EMIT_LOC_STRINGS = YES;
				SWIFT_VERSION = 5.0;
				TARGETED_DEVICE_FAMILY = "1,2";
			};
			name = Debug;
		};
		D084EC652A0F7EF700544AA3 /* Release */ = {
			isa = XCBuildConfiguration;
			buildSettings = {
				ASSETCATALOG_COMPILER_APPICON_NAME = AppIcon;
				ASSETCATALOG_COMPILER_GLOBAL_ACCENT_COLOR_NAME = AccentColor;
				CODE_SIGN_ENTITLEMENTS = Quiz/Quiz.entitlements;
				CODE_SIGN_STYLE = Automatic;
				CURRENT_PROJECT_VERSION = 1;
				DEVELOPMENT_TEAM = 45SY58GRA8;
				GENERATE_INFOPLIST_FILE = YES;
				INFOPLIST_FILE = Quiz/Info.plist;
				INFOPLIST_KEY_CFBundleDisplayName = QuizApp;
				INFOPLIST_KEY_LSApplicationCategoryType = "public.app-category.trivia-games";
				INFOPLIST_KEY_UIApplicationSupportsIndirectInputEvents = YES;
				INFOPLIST_KEY_UILaunchStoryboardName = LaunchScreen;
				INFOPLIST_KEY_UIMainStoryboardFile = Main;
				INFOPLIST_KEY_UIRequiresFullScreen = YES;
				INFOPLIST_KEY_UIStatusBarStyle = "";
				INFOPLIST_KEY_UISupportedInterfaceOrientations = UIInterfaceOrientationPortrait;
				IPHONEOS_DEPLOYMENT_TARGET = 15.0;
				LD_RUNPATH_SEARCH_PATHS = (
					"$(inherited)",
					"@executable_path/Frameworks",
				);
				MARKETING_VERSION = 1.0;
				PRODUCT_BUNDLE_IDENTIFIER = com.guillaume.QuizApp;
				PRODUCT_NAME = "$(TARGET_NAME)";
				SWIFT_EMIT_LOC_STRINGS = YES;
				SWIFT_VERSION = 5.0;
				TARGETED_DEVICE_FAMILY = "1,2";
			};
			name = Release;
		};
		D084EC672A0F7EF700544AA3 /* Debug */ = {
			isa = XCBuildConfiguration;
			buildSettings = {
				ALWAYS_EMBED_SWIFT_STANDARD_LIBRARIES = YES;
				BUNDLE_LOADER = "$(TEST_HOST)";
				"CODE_SIGN_IDENTITY[sdk=macosx*]" = "Apple Development";
				CODE_SIGN_STYLE = Automatic;
				CURRENT_PROJECT_VERSION = 1;
				DEVELOPMENT_TEAM = 45SY58GRA8;
				GENERATE_INFOPLIST_FILE = YES;
				IPHONEOS_DEPLOYMENT_TARGET = 16.1;
				MARKETING_VERSION = 1.0;
				PRODUCT_BUNDLE_IDENTIFIER = com.guillaume.QuizTests;
				PRODUCT_NAME = "$(TARGET_NAME)";
				SWIFT_EMIT_LOC_STRINGS = NO;
				SWIFT_VERSION = 5.0;
				TARGETED_DEVICE_FAMILY = "1,2";
				TEST_HOST = "$(BUILT_PRODUCTS_DIR)/Quiz.app/$(BUNDLE_EXECUTABLE_FOLDER_PATH)/Quiz";
			};
			name = Debug;
		};
		D084EC682A0F7EF700544AA3 /* Release */ = {
			isa = XCBuildConfiguration;
			buildSettings = {
				ALWAYS_EMBED_SWIFT_STANDARD_LIBRARIES = YES;
				BUNDLE_LOADER = "$(TEST_HOST)";
				"CODE_SIGN_IDENTITY[sdk=macosx*]" = "Apple Development";
				CODE_SIGN_STYLE = Automatic;
				CURRENT_PROJECT_VERSION = 1;
				DEVELOPMENT_TEAM = 45SY58GRA8;
				GENERATE_INFOPLIST_FILE = YES;
				IPHONEOS_DEPLOYMENT_TARGET = 16.1;
				MARKETING_VERSION = 1.0;
				PRODUCT_BUNDLE_IDENTIFIER = com.guillaume.QuizTests;
				PRODUCT_NAME = "$(TARGET_NAME)";
				SWIFT_EMIT_LOC_STRINGS = NO;
				SWIFT_VERSION = 5.0;
				TARGETED_DEVICE_FAMILY = "1,2";
				TEST_HOST = "$(BUILT_PRODUCTS_DIR)/Quiz.app/$(BUNDLE_EXECUTABLE_FOLDER_PATH)/Quiz";
			};
			name = Release;
		};
/* End XCBuildConfiguration section */

/* Begin XCConfigurationList section */
		D084EC312A0F7EF400544AA3 /* Build configuration list for PBXProject "Quiz" */ = {
			isa = XCConfigurationList;
			buildConfigurations = (
				D084EC612A0F7EF700544AA3 /* Debug */,
				D084EC622A0F7EF700544AA3 /* Release */,
			);
			defaultConfigurationIsVisible = 0;
			defaultConfigurationName = Release;
		};
		D084EC632A0F7EF700544AA3 /* Build configuration list for PBXNativeTarget "Quiz" */ = {
			isa = XCConfigurationList;
			buildConfigurations = (
				D084EC642A0F7EF700544AA3 /* Debug */,
				D084EC652A0F7EF700544AA3 /* Release */,
			);
			defaultConfigurationIsVisible = 0;
			defaultConfigurationName = Release;
		};
		D084EC662A0F7EF700544AA3 /* Build configuration list for PBXNativeTarget "QuizTests" */ = {
			isa = XCConfigurationList;
			buildConfigurations = (
				D084EC672A0F7EF700544AA3 /* Debug */,
				D084EC682A0F7EF700544AA3 /* Release */,
			);
			defaultConfigurationIsVisible = 0;
			defaultConfigurationName = Release;
		};
/* End XCConfigurationList section */

/* Begin XCRemoteSwiftPackageReference section */
		D01EDCDA2A182A3400FF3163 /* XCRemoteSwiftPackageReference "firebase-ios-sdk" */ = {
			isa = XCRemoteSwiftPackageReference;
			repositoryURL = "https://github.com/firebase/firebase-ios-sdk";
			requirement = {
				kind = upToNextMajorVersion;
				minimumVersion = 10.0.0;
			};
		};
		D0B852512A2528D500A7D9B7 /* XCRemoteSwiftPackageReference "Alamofire" */ = {
			isa = XCRemoteSwiftPackageReference;
			repositoryURL = "https://github.com/Alamofire/Alamofire.git";
			requirement = {
				kind = exactVersion;
				version = 5.7.1;
			};
		};
		D0E8C9E12A28E7CD009E8A09 /* XCRemoteSwiftPackageReference "SDWebImage" */ = {
			isa = XCRemoteSwiftPackageReference;
			repositoryURL = "https://github.com/SDWebImage/SDWebImage.git";
			requirement = {
				kind = exactVersion;
				version = 5.15.8;
			};
		};
/* End XCRemoteSwiftPackageReference section */

/* Begin XCSwiftPackageProductDependency section */
		7E53C14E2A3C97900046CC5E /* FirebasePerformance */ = {
			isa = XCSwiftPackageProductDependency;
			package = D01EDCDA2A182A3400FF3163 /* XCRemoteSwiftPackageReference "firebase-ios-sdk" */;
			productName = FirebasePerformance;
		};
		D01EDCDB2A182A3400FF3163 /* FirebaseAuth */ = {
			isa = XCSwiftPackageProductDependency;
			package = D01EDCDA2A182A3400FF3163 /* XCRemoteSwiftPackageReference "firebase-ios-sdk" */;
			productName = FirebaseAuth;
		};
		D01EDCDD2A182A3400FF3163 /* FirebaseDatabase */ = {
			isa = XCSwiftPackageProductDependency;
			package = D01EDCDA2A182A3400FF3163 /* XCRemoteSwiftPackageReference "firebase-ios-sdk" */;
			productName = FirebaseDatabase;
		};
		D01EDCDF2A182A3400FF3163 /* FirebaseFirestore */ = {
			isa = XCSwiftPackageProductDependency;
			package = D01EDCDA2A182A3400FF3163 /* XCRemoteSwiftPackageReference "firebase-ios-sdk" */;
			productName = FirebaseFirestore;
		};
		D01EDCE12A182A3400FF3163 /* FirebaseFunctions */ = {
			isa = XCSwiftPackageProductDependency;
			package = D01EDCDA2A182A3400FF3163 /* XCRemoteSwiftPackageReference "firebase-ios-sdk" */;
			productName = FirebaseFunctions;
		};
		D01EDCE32A182A3400FF3163 /* FirebaseMessaging */ = {
			isa = XCSwiftPackageProductDependency;
			package = D01EDCDA2A182A3400FF3163 /* XCRemoteSwiftPackageReference "firebase-ios-sdk" */;
			productName = FirebaseMessaging;
		};
		D01EDCE52A182A3400FF3163 /* FirebaseStorage */ = {
			isa = XCSwiftPackageProductDependency;
			package = D01EDCDA2A182A3400FF3163 /* XCRemoteSwiftPackageReference "firebase-ios-sdk" */;
			productName = FirebaseStorage;
		};
		D04FCDE62A2EA08A000E688E /* FirebaseAnalytics */ = {
			isa = XCSwiftPackageProductDependency;
			package = D01EDCDA2A182A3400FF3163 /* XCRemoteSwiftPackageReference "firebase-ios-sdk" */;
			productName = FirebaseAnalytics;
		};
		D04FCDEE2A2EA08A000E688E /* FirebaseAppCheck */ = {
			isa = XCSwiftPackageProductDependency;
			package = D01EDCDA2A182A3400FF3163 /* XCRemoteSwiftPackageReference "firebase-ios-sdk" */;
			productName = FirebaseAppCheck;
		};
		D04FCDF22A2EA08A000E688E /* FirebaseAuth */ = {
			isa = XCSwiftPackageProductDependency;
			package = D01EDCDA2A182A3400FF3163 /* XCRemoteSwiftPackageReference "firebase-ios-sdk" */;
			productName = FirebaseAuth;
		};
		D04FCDF82A2EA08A000E688E /* FirebaseDatabase */ = {
			isa = XCSwiftPackageProductDependency;
			package = D01EDCDA2A182A3400FF3163 /* XCRemoteSwiftPackageReference "firebase-ios-sdk" */;
			productName = FirebaseDatabase;
		};
		D04FCDFE2A2EA08B000E688E /* FirebaseFirestore */ = {
			isa = XCSwiftPackageProductDependency;
			package = D01EDCDA2A182A3400FF3163 /* XCRemoteSwiftPackageReference "firebase-ios-sdk" */;
			productName = FirebaseFirestore;
		};
		D04FCE042A2EA08B000E688E /* FirebaseFunctions */ = {
			isa = XCSwiftPackageProductDependency;
			package = D01EDCDA2A182A3400FF3163 /* XCRemoteSwiftPackageReference "firebase-ios-sdk" */;
			productName = FirebaseFunctions;
		};
		D04FCE0E2A2EA08B000E688E /* FirebaseMessaging */ = {
			isa = XCSwiftPackageProductDependency;
			package = D01EDCDA2A182A3400FF3163 /* XCRemoteSwiftPackageReference "firebase-ios-sdk" */;
			productName = FirebaseMessaging;
		};
		D04FCE182A2EA08B000E688E /* FirebaseStorage */ = {
			isa = XCSwiftPackageProductDependency;
			package = D01EDCDA2A182A3400FF3163 /* XCRemoteSwiftPackageReference "firebase-ios-sdk" */;
			productName = FirebaseStorage;
		};
		D04FCE1C2A2EA0CF000E688E /* SDWebImage */ = {
			isa = XCSwiftPackageProductDependency;
			package = D0E8C9E12A28E7CD009E8A09 /* XCRemoteSwiftPackageReference "SDWebImage" */;
			productName = SDWebImage;
		};
		D04FCE1E2A2EA112000E688E /* Alamofire */ = {
			isa = XCSwiftPackageProductDependency;
			package = D0B852512A2528D500A7D9B7 /* XCRemoteSwiftPackageReference "Alamofire" */;
			productName = Alamofire;
		};
		D0B852522A2528D500A7D9B7 /* Alamofire */ = {
			isa = XCSwiftPackageProductDependency;
			package = D0B852512A2528D500A7D9B7 /* XCRemoteSwiftPackageReference "Alamofire" */;
			productName = Alamofire;
		};
		D0E8C9E22A28E7CD009E8A09 /* SDWebImage */ = {
			isa = XCSwiftPackageProductDependency;
			package = D0E8C9E12A28E7CD009E8A09 /* XCRemoteSwiftPackageReference "SDWebImage" */;
			productName = SDWebImage;
		};
/* End XCSwiftPackageProductDependency section */
	};
	rootObject = D084EC2E2A0F7EF400544AA3 /* Project object */;
}
